hash: f74b5ed31285284b91c2b030d384b9c33b6127f0bc4b61dd11926e56621f36e1
updated: 2016-06-17T10:33:34.577886521-04:00
imports:
- name: github.com/alecthomas/template
  version: b867cc6ab45cece8143cfcc6fc9c77cf3f2c23c0
  subpackages:
  - parse
- name: github.com/alecthomas/units
  version: 6b4e7dc5e3143b85ea77909c72caf89416fc2915
- name: github.com/boltdb/bolt
  version: 3f7947a25d970e1e5f512276c14d5dcf731ccd5e
- name: github.com/cloudfoundry-community/firehose-to-syslog
  version: e02e12633a361ff25d241ed13666efa39407c890
  repo: https://github.com/poprygun/firehose-to-syslog.git
  vcs: git
  subpackages:
  - caching
  - firehose
  - logging
- name: github.com/cloudfoundry-community/go-cfclient
  version: 96e98d520e516cfa2edc38e924ab41b36b0120a3
  repo: https://github.com/jtgammon/go-cfclient.git
  vcs: git
- name: github.com/cloudfoundry/noaa
  version: 75f17396a9775320dabb89682c68255e5d68a9b8
  subpackages:
  - consumer
  - errors
  - consumer/internal
- name: github.com/cloudfoundry/sonde-go
  version: e9b4698e850553401d1d2dd998c756fdf29356ea
  subpackages:
  - events
- name: github.com/codegangsta/negroni
  version: dcaac9107a7a6ba4cf5143afc145e2b70a1c12c2
- name: github.com/CrowdSurge/banner
  version: 8c0e79dc5ff70fb2919f0d662f44fd72ccdf9be2
  subpackages:
  - fonts
- name: github.com/davecgh/go-spew
  version: 5215b55f46b2b919f50a1df0eaa5886afe4e3b3d
  subpackages:
  - spew
- name: github.com/gogo/protobuf
  version: c57e439bad574c2e0877ff18d514badcfced004d
  subpackages:
  - proto
- name: github.com/golang/protobuf
  version: 0c1f6d65b5a189c2250d10e71a5506f06f9fa0a0
  subpackages:
  - proto
- name: github.com/gorilla/context
  version: aed02d124ae4a0e94fea4541c8effd05bf0c8296
- name: github.com/gorilla/mux
  version: 9fa818a44c2bf1396a17f9d5a3c0f6dd39d2ff8e
- name: github.com/gorilla/websocket
  version: 2dbddebb8266b93c5e6b119efb54e89043186f3f
- name: github.com/pquerna/ffjson
  version: 184f78649ba053f484de46921391e6d0c6f5172f
  subpackages:
  - ffjson
  - fflib/v1
  - fflib/v1/internal
- name: github.com/Sirupsen/logrus
  version: 4b6ea7319e214d98c938f12692336f7ca9348d6b
  subpackages:
  - hooks/syslog
- name: github.com/unrolled/render
  version: 198ad4d8b8a4612176b804ca10555b222a086b40
- name: golang.org/x/net
  version: 7dbad50ab5b31073856416cdcfeb2796d682f844
  subpackages:
  - context
- name: golang.org/x/oauth2
  version: 2baa8a1b9338cf13d9eeb27696d761155fa480be
  subpackages:
  - internal
- name: golang.org/x/sys
  version: 62bee037599929a6e9146f29d10dd5208c43507d
  subpackages:
  - unix
- name: google.golang.org/appengine
  version: 7f59a8c76b8594d06044bfe0bcbe475cb2020482
  subpackages:
  - urlfetch
  - internal
  - internal/urlfetch
  - internal/base
  - internal/datastore
  - internal/remote_api
- name: gopkg.in/alecthomas/kingpin.v2
  version: 8cccfa8eb2e3183254457fb1749b2667fbc364c7
devImports: []
