hash: 2c636248e31a3f67897bdf71e67bafe25140641697b7d14e09e65c0521dca58b
updated: 2016-06-14T14:08:15.666868859-04:00
imports:
- name: github.com/alecthomas/template
  version: ""
  subpackages:
  - parse
- name: github.com/alecthomas/units
  version: ""
- name: github.com/boltdb/bolt
  version: ""
- name: github.com/cloudfoundry-community/firehose-to-syslog
  version: ""
  subpackages:
  - caching
  - firehose
  - logging
- name: github.com/cloudfoundry-community/go-cfclient
  version: ""
- name: github.com/cloudfoundry/noaa
  version: ""
  subpackages:
  - errors
- name: github.com/cloudfoundry/sonde-go
  version: ""
  subpackages:
  - events
- name: github.com/codegangsta/negroni
  version: ""
- name: github.com/CrowdSurge/banner
  version: ""
  subpackages:
  - fonts
- name: github.com/gogo/protobuf
  version: ""
  subpackages:
  - gogoproto
  - proto
  - protoc-gen-gogo/descriptor
- name: github.com/golang/protobuf
  version: 8616e8ee5e20a1704615e6c8d7afcdac06087a67
  subpackages:
  - proto
- name: github.com/gorilla/context
  version: ""
- name: github.com/gorilla/mux
  version: ""
- name: github.com/gorilla/websocket
  version: ""
- name: github.com/jtgammon/go-cfclient
  version: 76eef499d059bd1c4c124e26ea3ef5f96cce9649
- name: github.com/pivotalservices/app-usage-nozzle
  version: 66cabaa2393bdacf5a465b4fdcdda6ff57614464
  subpackages:
  - service
  - usageevents
- name: github.com/pquerna/ffjson
  version: ""
  subpackages:
  - ffjson
  - fflib/v1
  - fflib/v1/internal
- name: github.com/Sirupsen/logrus
  version: ""
  subpackages:
  - hooks/syslog
- name: github.com/unrolled/render
  version: ""
- name: golang.org/x/net
  version: ""
  subpackages:
  - context
- name: golang.org/x/oauth2
  version: ""
  subpackages:
  - internal
- name: golang.org/x/sys
  version: ""
  subpackages:
  - unix
- name: google.golang.org/appengine
  version: 7f59a8c76b8594d06044bfe0bcbe475cb2020482
  subpackages:
  - urlfetch
  - internal
  - internal/urlfetch
  - internal/base
  - internal/datastore
  - internal/remote_api
- name: gopkg.in/alecthomas/kingpin.v2
  version: ""
devImports: []
